
Microsoft Visual Studio Solution File, Format Version 12.00
Project("{FAE04EC0-301F-11D3-BF4B-00C04F79EFBC}") = "Kata-Zombie-Survivors", "Kata-Zombie-Survivors\Kata-Zombie-Survivors.csproj", "{7C924B44-92E7-46FD-8C33-3E464A7B2B76}"
EndProject
Project("{FAE04EC0-301F-11D3-BF4B-00C04F79EFBC}") = "KataZombieSurvivorsBehaviorTests", "KataZombieSurvivorsBehaviorTests\KataZombieSurvivorsBehaviorTests.csproj", "{607168C1-534C-484F-9B69-5D1F8B808174}"
EndProject
Global
	GlobalSection(SolutionConfigurationPlatforms) = preSolution
		Debug|Any CPU = Debug|Any CPU
		Release|Any CPU = Release|Any CPU
	EndGlobalSection
	GlobalSection(ProjectConfigurationPlatforms) = postSolution
		{7C924B44-92E7-46FD-8C33-3E464A7B2B76}.Debug|Any CPU.ActiveCfg = Debug|Any CPU
		{7C924B44-92E7-46FD-8C33-3E464A7B2B76}.Debug|Any CPU.Build.0 = Debug|Any CPU
		{7C924B44-92E7-46FD-8C33-3E464A7B2B76}.Release|Any CPU.ActiveCfg = Release|Any CPU
		{7C924B44-92E7-46FD-8C33-3E464A7B2B76}.Release|Any CPU.Build.0 = Release|Any CPU
		{607168C1-534C-484F-9B69-5D1F8B808174}.Debug|Any CPU.ActiveCfg = Debug|Any CPU
		{607168C1-534C-484F-9B69-5D1F8B808174}.Debug|Any CPU.Build.0 = Debug|Any CPU
		{607168C1-534C-484F-9B69-5D1F8B808174}.Release|Any CPU.ActiveCfg = Release|Any CPU
		{607168C1-534C-484F-9B69-5D1F8B808174}.Release|Any CPU.Build.0 = Release|Any CPU
	EndGlobalSection
EndGlobal
